
Microsoft Visual Studio Solution File, Format Version 12.00
# Visual Studio Version 16
VisualStudioVersion = 16.0.30002.166
MinimumVisualStudioVersion = 10.0.40219.1
Project("{9A19103F-16F7-4668-BE54-9A1E7A4F7556}") = "ES.Tools.TestApp", "ES.Tools.TestApp\ES.Tools.TestApp.csproj", "{4A2419E5-50AE-4C87-9F1A-DDF2B562E1D3}"
EndProject
Project("{2150E333-8FDC-42A3-9474-1A3956D46DE8}") = "Solution Items", "Solution Items", "{C77DF1B7-7CAD-480E-A96A-201F6D760606}"
	ProjectSection(SolutionItems) = preProject
		.editorconfig = .editorconfig
		appveyor.yml = appveyor.yml
		Documentation\DataTemplateAdorner.md = Documentation\DataTemplateAdorner.md
		Documentation\DependencyPropertyWatcher.md = Documentation\DependencyPropertyWatcher.md
		MIT.txt = MIT.txt
		README.md = README.md
	EndProjectSection
EndProject
Project("{9A19103F-16F7-4668-BE54-9A1E7A4F7556}") = "ES.Tools", "ES.Tools\ES.Tools.csproj", "{6B873B57-FCB0-44D8-BB2B-DC47972EDB33}"
EndProject
Project("{9A19103F-16F7-4668-BE54-9A1E7A4F7556}") = "ES.Tools.UnitTests", "ES.Tools.UnitTests\ES.Tools.UnitTests.csproj", "{1CD60B7F-D9B6-46A9-8B7F-C386D501AEDA}"
EndProject
Project("{2150E333-8FDC-42A3-9474-1A3956D46DE8}") = "Documentation", "Documentation", "{40EC297E-E90F-4AD4-A100-034EC5A02EED}"
	ProjectSection(SolutionItems) = preProject
		Documentation\AutoGrayableImage.md = Documentation\AutoGrayableImage.md
		Documentation\AutoScrollToCurrentItemBehavior.md = Documentation\AutoScrollToCurrentItemBehavior.md
		Documentation\ControlAdorner.md = Documentation\ControlAdorner.md
		Documentation\Converters.md = Documentation\Converters.md
		Documentation\CustomItemsControl.md = Documentation\CustomItemsControl.md
		Documentation\DataTemplateAdorner.md = Documentation\DataTemplateAdorner.md
		Documentation\DependencyPropertyWatcher.md = Documentation\DependencyPropertyWatcher.md
		Documentation\GrayscaleEffect.md = Documentation\GrayscaleEffect.md
		Documentation\PasswordBoxBehavior.md = Documentation\PasswordBoxBehavior.md
		Documentation\TextBoxBehavior.md = Documentation\TextBoxBehavior.md
	EndProjectSection
EndProject
Project("{2150E333-8FDC-42A3-9474-1A3956D46DE8}") = "Images", "Images", "{F7F53A37-15B8-41F8-BE83-5E520585DEB8}"
	ProjectSection(SolutionItems) = preProject
		Documentation\Images\CustomItemsControl.png = Documentation\Images\CustomItemsControl.png
		Documentation\Images\GrayscaleEffect.png = Documentation\Images\GrayscaleEffect.png
		Documentation\Images\ImageColor.jpg = Documentation\Images\ImageColor.jpg
		Documentation\Images\ImageGrayscale.jpg = Documentation\Images\ImageGrayscale.jpg
	EndProjectSection
EndProject
Global
	GlobalSection(SolutionConfigurationPlatforms) = preSolution
		Debug|Any CPU = Debug|Any CPU
		Release|Any CPU = Release|Any CPU
	EndGlobalSection
	GlobalSection(ProjectConfigurationPlatforms) = postSolution
		{4A2419E5-50AE-4C87-9F1A-DDF2B562E1D3}.Debug|Any CPU.ActiveCfg = Debug|Any CPU
		{4A2419E5-50AE-4C87-9F1A-DDF2B562E1D3}.Debug|Any CPU.Build.0 = Debug|Any CPU
		{4A2419E5-50AE-4C87-9F1A-DDF2B562E1D3}.Release|Any CPU.ActiveCfg = Release|Any CPU
		{4A2419E5-50AE-4C87-9F1A-DDF2B562E1D3}.Release|Any CPU.Build.0 = Release|Any CPU
		{6B873B57-FCB0-44D8-BB2B-DC47972EDB33}.Debug|Any CPU.ActiveCfg = Debug|Any CPU
		{6B873B57-FCB0-44D8-BB2B-DC47972EDB33}.Debug|Any CPU.Build.0 = Debug|Any CPU
		{6B873B57-FCB0-44D8-BB2B-DC47972EDB33}.Release|Any CPU.ActiveCfg = Release|Any CPU
		{6B873B57-FCB0-44D8-BB2B-DC47972EDB33}.Release|Any CPU.Build.0 = Release|Any CPU
		{1CD60B7F-D9B6-46A9-8B7F-C386D501AEDA}.Debug|Any CPU.ActiveCfg = Debug|Any CPU
		{1CD60B7F-D9B6-46A9-8B7F-C386D501AEDA}.Debug|Any CPU.Build.0 = Debug|Any CPU
		{1CD60B7F-D9B6-46A9-8B7F-C386D501AEDA}.Release|Any CPU.ActiveCfg = Release|Any CPU
		{1CD60B7F-D9B6-46A9-8B7F-C386D501AEDA}.Release|Any CPU.Build.0 = Release|Any CPU
	EndGlobalSection
	GlobalSection(SolutionProperties) = preSolution
		HideSolutionNode = FALSE
	EndGlobalSection
	GlobalSection(NestedProjects) = preSolution
		{40EC297E-E90F-4AD4-A100-034EC5A02EED} = {C77DF1B7-7CAD-480E-A96A-201F6D760606}
		{F7F53A37-15B8-41F8-BE83-5E520585DEB8} = {40EC297E-E90F-4AD4-A100-034EC5A02EED}
	EndGlobalSection
	GlobalSection(ExtensibilityGlobals) = postSolution
		SolutionGuid = {87705C13-DF71-4C01-B3CC-292843B56B4A}
	EndGlobalSection
EndGlobal
